// !$*UTF8*$!
{
	archiveVersion = 1;
	classes = {
	};
	objectVersion = 48;
	objects = {

/* Begin PBXBuildFile section */
		50137BB5201D10A700D0A1F3 /* Podfile in Resources */ = {isa = PBXBuildFile; fileRef = 50137BB4201D10A700D0A1F3 /* Podfile */; };
		5013E4CA201D162C002B13B4 /* style.json in Resources */ = {isa = PBXBuildFile; fileRef = 5013E4C9201D162C002B13B4 /* style.json */; };
		50347DDA2058A91A0095DDB0 /* ProfileViewController.swift in Sources */ = {isa = PBXBuildFile; fileRef = 50347DD92058A91A0095DDB0 /* ProfileViewController.swift */; };
		50347DDD2058E5BF0095DDB0 /* Rally.xcdatamodeld in Sources */ = {isa = PBXBuildFile; fileRef = 50347DDB2058E5BF0095DDB0 /* Rally.xcdatamodeld */; };
		50347DDF2058E7E40095DDB0 /* AppModel.swift in Sources */ = {isa = PBXBuildFile; fileRef = 50347DDE2058E7E40095DDB0 /* AppModel.swift */; };
		50347DE22058E9E90095DDB0 /* Node.swift in Sources */ = {isa = PBXBuildFile; fileRef = 50347DE12058E9E90095DDB0 /* Node.swift */; };
		50347DEB2058EFC60095DDB0 /* FormLogger.swift in Sources */ = {isa = PBXBuildFile; fileRef = 50347DE82058EFC60095DDB0 /* FormLogger.swift */; };
		50347DEC2058EFC60095DDB0 /* UDJackLogger.swift in Sources */ = {isa = PBXBuildFile; fileRef = 50347DE92058EFC60095DDB0 /* UDJackLogger.swift */; };
		50347DED2058EFC60095DDB0 /* LogFormatter.swift in Sources */ = {isa = PBXBuildFile; fileRef = 50347DEA2058EFC60095DDB0 /* LogFormatter.swift */; };
		50347DEF2058F3DE0095DDB0 /* TestViewController.swift in Sources */ = {isa = PBXBuildFile; fileRef = 50347DEE2058F3DE0095DDB0 /* TestViewController.swift */; };
		50353DD92057A545002EAB9A /* SettingsViewController.swift in Sources */ = {isa = PBXBuildFile; fileRef = 50353DD82057A545002EAB9A /* SettingsViewController.swift */; };
		50A163FC201C3CBC00F80123 /* AppDelegate.swift in Sources */ = {isa = PBXBuildFile; fileRef = 50A163FB201C3CBC00F80123 /* AppDelegate.swift */; };
		50A163FE201C3CBC00F80123 /* MainViewController.swift in Sources */ = {isa = PBXBuildFile; fileRef = 50A163FD201C3CBC00F80123 /* MainViewController.swift */; };
		50A16401201C3CBC00F80123 /* Main.storyboard in Resources */ = {isa = PBXBuildFile; fileRef = 50A163FF201C3CBC00F80123 /* Main.storyboard */; };
		50A16403201C3CBC00F80123 /* Assets.xcassets in Resources */ = {isa = PBXBuildFile; fileRef = 50A16402201C3CBC00F80123 /* Assets.xcassets */; };
		50A16406201C3CBC00F80123 /* LaunchScreen.storyboard in Resources */ = {isa = PBXBuildFile; fileRef = 50A16404201C3CBC00F80123 /* LaunchScreen.storyboard */; };
		50A16411201C3CBD00F80123 /* RallyTests.swift in Sources */ = {isa = PBXBuildFile; fileRef = 50A16410201C3CBD00F80123 /* RallyTests.swift */; };
		50A1641C201C3CBD00F80123 /* RallyUITests.swift in Sources */ = {isa = PBXBuildFile; fileRef = 50A1641B201C3CBD00F80123 /* RallyUITests.swift */; };
		50A56F6720256B4A00AED095 /* ProtocolBuffers.framework in Frameworks */ = {isa = PBXBuildFile; fileRef = 50A56F6620256B4A00AED095 /* ProtocolBuffers.framework */; };
		50A56F6820256B4A00AED095 /* ProtocolBuffers.framework in Embed Frameworks */ = {isa = PBXBuildFile; fileRef = 50A56F6620256B4A00AED095 /* ProtocolBuffers.framework */; settings = {ATTRIBUTES = (CodeSignOnCopy, RemoveHeadersOnCopy, ); }; };
		50A56F6B20256B6700AED095 /* Underdark.framework in Frameworks */ = {isa = PBXBuildFile; fileRef = 50A56F6A20256B6700AED095 /* Underdark.framework */; };
		50A56F6C20256B6700AED095 /* Underdark.framework in Embed Frameworks */ = {isa = PBXBuildFile; fileRef = 50A56F6A20256B6700AED095 /* Underdark.framework */; settings = {ATTRIBUTES = (CodeSignOnCopy, RemoveHeadersOnCopy, ); }; };
		50A56F74202575DF00AED095 /* rallyupicon.png in Resources */ = {isa = PBXBuildFile; fileRef = 50A56F73202575DE00AED095 /* rallyupicon.png */; };
		50A599042053906900EF8EC8 /* RallyIcon.png in Resources */ = {isa = PBXBuildFile; fileRef = 50A599032053906900EF8EC8 /* RallyIcon.png */; };
		50A599062053933000EF8EC8 /* user.png in Resources */ = {isa = PBXBuildFile; fileRef = 50A599052053933000EF8EC8 /* user.png */; };
		50A599082056529700EF8EC8 /* circle.png in Resources */ = {isa = PBXBuildFile; fileRef = 50A599072056529600EF8EC8 /* circle.png */; };
		50A599102056705700EF8EC8 /* concert.png in Resources */ = {isa = PBXBuildFile; fileRef = 50A5990F2056705600EF8EC8 /* concert.png */; };
		50A599142056729100EF8EC8 /* pemberton-music-festival-evening.jpg in Resources */ = {isa = PBXBuildFile; fileRef = 50A599132056729000EF8EC8 /* pemberton-music-festival-evening.jpg */; };
		50CF03B6204A564100FF402C /* Havelock_Titling_Regular.otf in Resources */ = {isa = PBXBuildFile; fileRef = 50A56F7E2025798100AED095 /* Havelock_Titling_Regular.otf */; };
		50CF03B7204A564200FF402C /* Havelock_Titling_Regular.otf in Resources */ = {isa = PBXBuildFile; fileRef = 50A56F7E2025798100AED095 /* Havelock_Titling_Regular.otf */; };
		50CF03B8204A564400FF402C /* Havelock_Titling_Regular.otf in Resources */ = {isa = PBXBuildFile; fileRef = 50A56F7E2025798100AED095 /* Havelock_Titling_Regular.otf */; };
		50E835C52052649B00C9067E /* EventViewController.swift in Sources */ = {isa = PBXBuildFile; fileRef = 50E835C42052649B00C9067E /* EventViewController.swift */; };
		50F6A785204F98B000317BDB /* compass.png in Resources */ = {isa = PBXBuildFile; fileRef = 50F6A784204F98B000317BDB /* compass.png */; };
		50F6A78C2051089B00317BDB /* MenuViewController.swift in Sources */ = {isa = PBXBuildFile; fileRef = 50F6A78A2051089A00317BDB /* MenuViewController.swift */; };
		50F6A78D2051089B00317BDB /* BaseViewController.swift in Sources */ = {isa = PBXBuildFile; fileRef = 50F6A78B2051089A00317BDB /* BaseViewController.swift */; };
		50F6A7952051BB9B00317BDB /* placeholder.png in Resources */ = {isa = PBXBuildFile; fileRef = 50F6A7942051BB9B00317BDB /* placeholder.png */; };
		50F6A7972051BF1300317BDB /* rallypoint.png in Resources */ = {isa = PBXBuildFile; fileRef = 50F6A7962051BF1300317BDB /* rallypoint.png */; };
		50F6A7992051C32C00317BDB /* map.png in Resources */ = {isa = PBXBuildFile; fileRef = 50F6A7982051C32C00317BDB /* map.png */; };
		50F6A79B2051C7E300317BDB /* RallyPointController.swift in Sources */ = {isa = PBXBuildFile; fileRef = 50F6A79A2051C7E300317BDB /* RallyPointController.swift */; };
		50F6A79D2051DF9000317BDB /* chat.png in Resources */ = {isa = PBXBuildFile; fileRef = 50F6A79C2051DF8F00317BDB /* chat.png */; };
		50F6A79F2051E16900317BDB /* distance.png in Resources */ = {isa = PBXBuildFile; fileRef = 50F6A79E2051E16800317BDB /* distance.png */; };
		50F6A7A12051E1F300317BDB /* calendar.png in Resources */ = {isa = PBXBuildFile; fileRef = 50F6A7A02051E1F300317BDB /* calendar.png */; };
		50F6A7A32051E24300317BDB /* add-user.png in Resources */ = {isa = PBXBuildFile; fileRef = 50F6A7A22051E24300317BDB /* add-user.png */; };
		50F6A7A52051E2DA00317BDB /* group.png in Resources */ = {isa = PBXBuildFile; fileRef = 50F6A7A42051E2DA00317BDB /* group.png */; };
		50F6A7B220520D1B00317BDB /* controls.png in Resources */ = {isa = PBXBuildFile; fileRef = 50F6A7B120520D1B00317BDB /* controls.png */; };
		50F6A7B420520D7E00317BDB /* DirectionViewController.swift in Sources */ = {isa = PBXBuildFile; fileRef = 50F6A7B320520D7E00317BDB /* DirectionViewController.swift */; };
		B3D7964DA6651B34BA24EF90 /* Pods_Rally.framework in Frameworks */ = {isa = PBXBuildFile; fileRef = CC505176707C829AE1BA2E6A /* Pods_Rally.framework */; };
/* End PBXBuildFile section */

/* Begin PBXContainerItemProxy section */
		50A1640D201C3CBD00F80123 /* PBXContainerItemProxy */ = {
			isa = PBXContainerItemProxy;
			containerPortal = 50A163F0201C3CBC00F80123 /* Project object */;
			proxyType = 1;
			remoteGlobalIDString = 50A163F7201C3CBC00F80123;
			remoteInfo = Rally;
		};
		50A16418201C3CBD00F80123 /* PBXContainerItemProxy */ = {
			isa = PBXContainerItemProxy;
			containerPortal = 50A163F0201C3CBC00F80123 /* Project object */;
			proxyType = 1;
			remoteGlobalIDString = 50A163F7201C3CBC00F80123;
			remoteInfo = Rally;
		};
/* End PBXContainerItemProxy section */

/* Begin PBXCopyFilesBuildPhase section */
		50A56F6920256B4A00AED095 /* Embed Frameworks */ = {
			isa = PBXCopyFilesBuildPhase;
			buildActionMask = 2147483647;
			dstPath = "";
			dstSubfolderSpec = 10;
			files = (
				50A56F6820256B4A00AED095 /* ProtocolBuffers.framework in Embed Frameworks */,
				50A56F6C20256B6700AED095 /* Underdark.framework in Embed Frameworks */,
			);
			name = "Embed Frameworks";
			runOnlyForDeploymentPostprocessing = 0;
		};
/* End PBXCopyFilesBuildPhase section */

/* Begin PBXFileReference section */
		27A9F4EE82BDC4A5F61F4FE7 /* Pods-Rally.debug.xcconfig */ = {isa = PBXFileReference; includeInIndex = 1; lastKnownFileType = text.xcconfig; name = "Pods-Rally.debug.xcconfig"; path = "Pods/Target Support Files/Pods-Rally/Pods-Rally.debug.xcconfig"; sourceTree = "<group>"; };
		50137BB4201D10A700D0A1F3 /* Podfile */ = {isa = PBXFileReference; lastKnownFileType = text; path = Podfile; sourceTree = "<group>"; xcLanguageSpecificationIdentifier = xcode.lang.ruby; };
		5013E4C9201D162C002B13B4 /* style.json */ = {isa = PBXFileReference; lastKnownFileType = text.json; path = style.json; sourceTree = "<group>"; };
		50347DD92058A91A0095DDB0 /* ProfileViewController.swift */ = {isa = PBXFileReference; lastKnownFileType = sourcecode.swift; path = ProfileViewController.swift; sourceTree = "<group>"; };
		50347DDC2058E5BF0095DDB0 /* Rally.xcdatamodel */ = {isa = PBXFileReference; lastKnownFileType = wrapper.xcdatamodel; path = Rally.xcdatamodel; sourceTree = "<group>"; };
		50347DDE2058E7E40095DDB0 /* AppModel.swift */ = {isa = PBXFileReference; lastKnownFileType = sourcecode.swift; path = AppModel.swift; sourceTree = "<group>"; };
		50347DE12058E9E90095DDB0 /* Node.swift */ = {isa = PBXFileReference; lastKnownFileType = sourcecode.swift; path = Node.swift; sourceTree = "<group>"; };
		50347DE82058EFC60095DDB0 /* FormLogger.swift */ = {isa = PBXFileReference; fileEncoding = 4; lastKnownFileType = sourcecode.swift; path = FormLogger.swift; sourceTree = "<group>"; };
		50347DE92058EFC60095DDB0 /* UDJackLogger.swift */ = {isa = PBXFileReference; fileEncoding = 4; lastKnownFileType = sourcecode.swift; path = UDJackLogger.swift; sourceTree = "<group>"; };
		50347DEA2058EFC60095DDB0 /* LogFormatter.swift */ = {isa = PBXFileReference; fileEncoding = 4; lastKnownFileType = sourcecode.swift; path = LogFormatter.swift; sourceTree = "<group>"; };
		50347DEE2058F3DE0095DDB0 /* TestViewController.swift */ = {isa = PBXFileReference; lastKnownFileType = sourcecode.swift; path = TestViewController.swift; sourceTree = "<group>"; };
		50353DD82057A545002EAB9A /* SettingsViewController.swift */ = {isa = PBXFileReference; lastKnownFileType = sourcecode.swift; path = SettingsViewController.swift; sourceTree = "<group>"; };
		50A163F8201C3CBC00F80123 /* Rally.app */ = {isa = PBXFileReference; explicitFileType = wrapper.application; includeInIndex = 0; path = Rally.app; sourceTree = BUILT_PRODUCTS_DIR; };
		50A163FB201C3CBC00F80123 /* AppDelegate.swift */ = {isa = PBXFileReference; lastKnownFileType = sourcecode.swift; path = AppDelegate.swift; sourceTree = "<group>"; };
		50A163FD201C3CBC00F80123 /* MainViewController.swift */ = {isa = PBXFileReference; lastKnownFileType = sourcecode.swift; path = MainViewController.swift; sourceTree = "<group>"; };
		50A16400201C3CBC00F80123 /* Base */ = {isa = PBXFileReference; lastKnownFileType = file.storyboard; name = Base; path = Base.lproj/Main.storyboard; sourceTree = "<group>"; };
		50A16402201C3CBC00F80123 /* Assets.xcassets */ = {isa = PBXFileReference; lastKnownFileType = folder.assetcatalog; path = Assets.xcassets; sourceTree = "<group>"; };
		50A16405201C3CBC00F80123 /* Base */ = {isa = PBXFileReference; lastKnownFileType = file.storyboard; name = Base; path = Base.lproj/LaunchScreen.storyboard; sourceTree = "<group>"; };
		50A16407201C3CBC00F80123 /* Info.plist */ = {isa = PBXFileReference; lastKnownFileType = text.plist.xml; path = Info.plist; sourceTree = "<group>"; };
		50A1640C201C3CBD00F80123 /* RallyTests.xctest */ = {isa = PBXFileReference; explicitFileType = wrapper.cfbundle; includeInIndex = 0; path = RallyTests.xctest; sourceTree = BUILT_PRODUCTS_DIR; };
		50A16410201C3CBD00F80123 /* RallyTests.swift */ = {isa = PBXFileReference; lastKnownFileType = sourcecode.swift; path = RallyTests.swift; sourceTree = "<group>"; };
		50A16412201C3CBD00F80123 /* Info.plist */ = {isa = PBXFileReference; lastKnownFileType = text.plist.xml; path = Info.plist; sourceTree = "<group>"; };
		50A16417201C3CBD00F80123 /* RallyUITests.xctest */ = {isa = PBXFileReference; explicitFileType = wrapper.cfbundle; includeInIndex = 0; path = RallyUITests.xctest; sourceTree = BUILT_PRODUCTS_DIR; };
		50A1641B201C3CBD00F80123 /* RallyUITests.swift */ = {isa = PBXFileReference; lastKnownFileType = sourcecode.swift; path = RallyUITests.swift; sourceTree = "<group>"; };
		50A1641D201C3CBD00F80123 /* Info.plist */ = {isa = PBXFileReference; lastKnownFileType = text.plist.xml; path = Info.plist; sourceTree = "<group>"; };
		50A56F652025695B00AED095 /* Underdark */ = {isa = PBXFileReference; lastKnownFileType = folder; name = Underdark; path = /Users/abenwood/Desktop/Rally/Underdark; sourceTree = "<absolute>"; };
		50A56F6620256B4A00AED095 /* ProtocolBuffers.framework */ = {isa = PBXFileReference; lastKnownFileType = wrapper.framework; name = ProtocolBuffers.framework; path = Underdark/ProtocolBuffers.framework; sourceTree = "<group>"; };
		50A56F6A20256B6700AED095 /* Underdark.framework */ = {isa = PBXFileReference; lastKnownFileType = wrapper.framework; name = Underdark.framework; path = Underdark/Underdark.framework; sourceTree = "<group>"; };
		50A56F73202575DE00AED095 /* rallyupicon.png */ = {isa = PBXFileReference; lastKnownFileType = image.png; name = rallyupicon.png; path = "../../Files For Rally/rallyupicon.png"; sourceTree = "<group>"; };
		50A56F7E2025798100AED095 /* Havelock_Titling_Regular.otf */ = {isa = PBXFileReference; lastKnownFileType = file; path = Havelock_Titling_Regular.otf; sourceTree = "<group>"; };
		50A599032053906900EF8EC8 /* RallyIcon.png */ = {isa = PBXFileReference; lastKnownFileType = image.png; path = RallyIcon.png; sourceTree = "<group>"; };
		50A599052053933000EF8EC8 /* user.png */ = {isa = PBXFileReference; lastKnownFileType = image.png; path = user.png; sourceTree = "<group>"; };
		50A599072056529600EF8EC8 /* circle.png */ = {isa = PBXFileReference; lastKnownFileType = image.png; path = circle.png; sourceTree = "<group>"; };
		50A5990F2056705600EF8EC8 /* concert.png */ = {isa = PBXFileReference; lastKnownFileType = image.png; path = concert.png; sourceTree = "<group>"; };
		50A599132056729000EF8EC8 /* pemberton-music-festival-evening.jpg */ = {isa = PBXFileReference; lastKnownFileType = image.jpeg; path = "pemberton-music-festival-evening.jpg"; sourceTree = "<group>"; };
		50E835C42052649B00C9067E /* EventViewController.swift */ = {isa = PBXFileReference; lastKnownFileType = sourcecode.swift; path = EventViewController.swift; sourceTree = "<group>"; };
		50F6A784204F98B000317BDB /* compass.png */ = {isa = PBXFileReference; lastKnownFileType = image.png; path = compass.png; sourceTree = "<group>"; };
		50F6A78A2051089A00317BDB /* MenuViewController.swift */ = {isa = PBXFileReference; fileEncoding = 4; lastKnownFileType = sourcecode.swift; path = MenuViewController.swift; sourceTree = "<group>"; };
		50F6A78B2051089A00317BDB /* BaseViewController.swift */ = {isa = PBXFileReference; fileEncoding = 4; lastKnownFileType = sourcecode.swift; path = BaseViewController.swift; sourceTree = "<group>"; };
		50F6A7942051BB9B00317BDB /* placeholder.png */ = {isa = PBXFileReference; lastKnownFileType = image.png; path = placeholder.png; sourceTree = "<group>"; };
		50F6A7962051BF1300317BDB /* rallypoint.png */ = {isa = PBXFileReference; lastKnownFileType = image.png; path = rallypoint.png; sourceTree = "<group>"; };
		50F6A7982051C32C00317BDB /* map.png */ = {isa = PBXFileReference; lastKnownFileType = image.png; path = map.png; sourceTree = "<group>"; };
		50F6A79A2051C7E300317BDB /* RallyPointController.swift */ = {isa = PBXFileReference; lastKnownFileType = sourcecode.swift; path = RallyPointController.swift; sourceTree = "<group>"; };
		50F6A79C2051DF8F00317BDB /* chat.png */ = {isa = PBXFileReference; lastKnownFileType = image.png; path = chat.png; sourceTree = "<group>"; };
		50F6A79E2051E16800317BDB /* distance.png */ = {isa = PBXFileReference; lastKnownFileType = image.png; path = distance.png; sourceTree = "<group>"; };
		50F6A7A02051E1F300317BDB /* calendar.png */ = {isa = PBXFileReference; lastKnownFileType = image.png; path = calendar.png; sourceTree = "<group>"; };
		50F6A7A22051E24300317BDB /* add-user.png */ = {isa = PBXFileReference; lastKnownFileType = image.png; path = "add-user.png"; sourceTree = "<group>"; };
		50F6A7A42051E2DA00317BDB /* group.png */ = {isa = PBXFileReference; lastKnownFileType = image.png; path = group.png; sourceTree = "<group>"; };
		50F6A7A92052037000317BDB /* rally_logo_only.png */ = {isa = PBXFileReference; lastKnownFileType = image.png; path = rally_logo_only.png; sourceTree = "<group>"; };
		50F6A7AA2052037500317BDB /* rally_logo_only.png */ = {isa = PBXFileReference; lastKnownFileType = image.png; name = rally_logo_only.png; path = "../../../Files For Rally/rally_logo_only.png"; sourceTree = "<group>"; };
		50F6A7AB2052037600317BDB /* menu-options.png */ = {isa = PBXFileReference; lastKnownFileType = image.png; path = "menu-options.png"; sourceTree = "<group>"; };
		50F6A7AC2052037C00317BDB /* rally_logo_only.png */ = {isa = PBXFileReference; lastKnownFileType = image.png; name = rally_logo_only.png; path = "../../../Files For Rally/rally_logo_only.png"; sourceTree = "<group>"; };
		50F6A7AE205203A100317BDB /* rallyupicon.png */ = {isa = PBXFileReference; lastKnownFileType = image.png; path = rallyupicon.png; sourceTree = "<group>"; };
		50F6A7AF205203A400317BDB /* rallyupicon.png */ = {isa = PBXFileReference; lastKnownFileType = image.png; name = rallyupicon.png; path = "../../../Files For Rally/rallyupicon.png"; sourceTree = "<group>"; };
		50F6A7B120520D1B00317BDB /* controls.png */ = {isa = PBXFileReference; lastKnownFileType = image.png; path = controls.png; sourceTree = "<group>"; };
		50F6A7B320520D7E00317BDB /* DirectionViewController.swift */ = {isa = PBXFileReference; lastKnownFileType = sourcecode.swift; path = DirectionViewController.swift; sourceTree = "<group>"; };
		B9013EBEF8E9842E485A539B /* Pods-Rally.release.xcconfig */ = {isa = PBXFileReference; includeInIndex = 1; lastKnownFileType = text.xcconfig; name = "Pods-Rally.release.xcconfig"; path = "Pods/Target Support Files/Pods-Rally/Pods-Rally.release.xcconfig"; sourceTree = "<group>"; };
		CC505176707C829AE1BA2E6A /* Pods_Rally.framework */ = {isa = PBXFileReference; explicitFileType = wrapper.framework; includeInIndex = 0; path = Pods_Rally.framework; sourceTree = BUILT_PRODUCTS_DIR; };
/* End PBXFileReference section */

/* Begin PBXFrameworksBuildPhase section */
		50A163F5201C3CBC00F80123 /* Frameworks */ = {
			isa = PBXFrameworksBuildPhase;
			buildActionMask = 2147483647;
			files = (
				50A56F6B20256B6700AED095 /* Underdark.framework in Frameworks */,
				50A56F6720256B4A00AED095 /* ProtocolBuffers.framework in Frameworks */,
				B3D7964DA6651B34BA24EF90 /* Pods_Rally.framework in Frameworks */,
			);
			runOnlyForDeploymentPostprocessing = 0;
		};
		50A16409201C3CBD00F80123 /* Frameworks */ = {
			isa = PBXFrameworksBuildPhase;
			buildActionMask = 2147483647;
			files = (
			);
			runOnlyForDeploymentPostprocessing = 0;
		};
		50A16414201C3CBD00F80123 /* Frameworks */ = {
			isa = PBXFrameworksBuildPhase;
			buildActionMask = 2147483647;
			files = (
			);
			runOnlyForDeploymentPostprocessing = 0;
		};
/* End PBXFrameworksBuildPhase section */

/* Begin PBXGroup section */
		50347DE02058E9CF0095DDB0 /* Model */ = {
			isa = PBXGroup;
			children = (
				50347DE12058E9E90095DDB0 /* Node.swift */,
			);
			path = Model;
			sourceTree = "<group>";
		};
		50347DE72058EFB80095DDB0 /* Logging */ = {
			isa = PBXGroup;
			children = (
				50347DE82058EFC60095DDB0 /* FormLogger.swift */,
				50347DEA2058EFC60095DDB0 /* LogFormatter.swift */,
				50347DE92058EFC60095DDB0 /* UDJackLogger.swift */,
			);
			path = Logging;
			sourceTree = "<group>";
		};
		50A163EF201C3CBC00F80123 = {
			isa = PBXGroup;
			children = (
				50A56F6A20256B6700AED095 /* Underdark.framework */,
				50A56F6620256B4A00AED095 /* ProtocolBuffers.framework */,
				50A56F652025695B00AED095 /* Underdark */,
				50137BB4201D10A700D0A1F3 /* Podfile */,
				50A163FA201C3CBC00F80123 /* Rally */,
				50A1640F201C3CBD00F80123 /* RallyTests */,
				50A1641A201C3CBD00F80123 /* RallyUITests */,
				50A163F9201C3CBC00F80123 /* Products */,
				A46BE5DCA192BCE4F957A627 /* Pods */,
				B2B00CBA5BB91993D329CD38 /* Frameworks */,
			);
			sourceTree = "<group>";
		};
		50A163F9201C3CBC00F80123 /* Products */ = {
			isa = PBXGroup;
			children = (
				50A163F8201C3CBC00F80123 /* Rally.app */,
				50A1640C201C3CBD00F80123 /* RallyTests.xctest */,
				50A16417201C3CBD00F80123 /* RallyUITests.xctest */,
			);
			name = Products;
			sourceTree = "<group>";
		};
		50A163FA201C3CBC00F80123 /* Rally */ = {
			isa = PBXGroup;
			children = (
				50347DE72058EFB80095DDB0 /* Logging */,
				50A56F7D2025797A00AED095 /* fonts */,
				50347DE02058E9CF0095DDB0 /* Model */,
				50F6A7A82052035F00317BDB /* images */,
				50A56F73202575DE00AED095 /* rallyupicon.png */,
				50A599032053906900EF8EC8 /* RallyIcon.png */,
				50347DDE2058E7E40095DDB0 /* AppModel.swift */,
				50A163FB201C3CBC00F80123 /* AppDelegate.swift */,
				50347DEE2058F3DE0095DDB0 /* TestViewController.swift */,
				50A163FD201C3CBC00F80123 /* MainViewController.swift */,
				50F6A79A2051C7E300317BDB /* RallyPointController.swift */,
				50E835C42052649B00C9067E /* EventViewController.swift */,
				50F6A7B320520D7E00317BDB /* DirectionViewController.swift */,
				50353DD82057A545002EAB9A /* SettingsViewController.swift */,
				50347DD92058A91A0095DDB0 /* ProfileViewController.swift */,
				50F6A78B2051089A00317BDB /* BaseViewController.swift */,
				50F6A78A2051089A00317BDB /* MenuViewController.swift */,
				5013E4C9201D162C002B13B4 /* style.json */,
				50347DDB2058E5BF0095DDB0 /* Rally.xcdatamodeld */,
				50A163FF201C3CBC00F80123 /* Main.storyboard */,
				50A16402201C3CBC00F80123 /* Assets.xcassets */,
				50A16404201C3CBC00F80123 /* LaunchScreen.storyboard */,
				50A16407201C3CBC00F80123 /* Info.plist */,
			);
			path = Rally;
			sourceTree = "<group>";
		};
		50A1640F201C3CBD00F80123 /* RallyTests */ = {
			isa = PBXGroup;
			children = (
				50A16410201C3CBD00F80123 /* RallyTests.swift */,
				50A16412201C3CBD00F80123 /* Info.plist */,
			);
			path = RallyTests;
			sourceTree = "<group>";
		};
		50A1641A201C3CBD00F80123 /* RallyUITests */ = {
			isa = PBXGroup;
			children = (
				50A1641B201C3CBD00F80123 /* RallyUITests.swift */,
				50A1641D201C3CBD00F80123 /* Info.plist */,
			);
			path = RallyUITests;
			sourceTree = "<group>";
		};
		50A56F7D2025797A00AED095 /* fonts */ = {
			isa = PBXGroup;
			children = (
				50A56F7E2025798100AED095 /* Havelock_Titling_Regular.otf */,
			);
			path = fonts;
			sourceTree = "<group>";
		};
		50F6A7A82052035F00317BDB /* images */ = {
			isa = PBXGroup;
			children = (
				50F6A7B120520D1B00317BDB /* controls.png */,
				50F6A7AA2052037500317BDB /* rally_logo_only.png */,
				50F6A7AF205203A400317BDB /* rallyupicon.png */,
				50F6A7AE205203A100317BDB /* rallyupicon.png */,
				50F6A7942051BB9B00317BDB /* placeholder.png */,
				50A599072056529600EF8EC8 /* circle.png */,
				50F6A79C2051DF8F00317BDB /* chat.png */,
				50F6A7AC2052037C00317BDB /* rally_logo_only.png */,
				50A599052053933000EF8EC8 /* user.png */,
				50F6A784204F98B000317BDB /* compass.png */,
				50A599132056729000EF8EC8 /* pemberton-music-festival-evening.jpg */,
				50F6A7AB2052037600317BDB /* menu-options.png */,
				50F6A7962051BF1300317BDB /* rallypoint.png */,
				50F6A7982051C32C00317BDB /* map.png */,
				50F6A7A02051E1F300317BDB /* calendar.png */,
				50A5990F2056705600EF8EC8 /* concert.png */,
				50F6A7A22051E24300317BDB /* add-user.png */,
				50F6A79E2051E16800317BDB /* distance.png */,
				50F6A7A42051E2DA00317BDB /* group.png */,
				50F6A7A92052037000317BDB /* rally_logo_only.png */,
			);
			path = images;
			sourceTree = "<group>";
		};
		A46BE5DCA192BCE4F957A627 /* Pods */ = {
			isa = PBXGroup;
			children = (
				27A9F4EE82BDC4A5F61F4FE7 /* Pods-Rally.debug.xcconfig */,
				B9013EBEF8E9842E485A539B /* Pods-Rally.release.xcconfig */,
			);
			name = Pods;
			sourceTree = "<group>";
		};
		B2B00CBA5BB91993D329CD38 /* Frameworks */ = {
			isa = PBXGroup;
			children = (
				CC505176707C829AE1BA2E6A /* Pods_Rally.framework */,
			);
			name = Frameworks;
			sourceTree = "<group>";
		};
/* End PBXGroup section */

/* Begin PBXNativeTarget section */
		50A163F7201C3CBC00F80123 /* Rally */ = {
			isa = PBXNativeTarget;
			buildConfigurationList = 50A16420201C3CBD00F80123 /* Build configuration list for PBXNativeTarget "Rally" */;
			buildPhases = (
				BD5CC7EF4053CF2E15B6D39E /* [CP] Check Pods Manifest.lock */,
				50A163F4201C3CBC00F80123 /* Sources */,
				50A163F5201C3CBC00F80123 /* Frameworks */,
				50A163F6201C3CBC00F80123 /* Resources */,
				6A61C87EF35458664EB13693 /* [CP] Embed Pods Frameworks */,
				459325A68DC19C785A608063 /* [CP] Copy Pods Resources */,
				50A56F6920256B4A00AED095 /* Embed Frameworks */,
			);
			buildRules = (
			);
			dependencies = (
			);
			name = Rally;
			productName = Rally;
			productReference = 50A163F8201C3CBC00F80123 /* Rally.app */;
			productType = "com.apple.product-type.application";
		};
		50A1640B201C3CBD00F80123 /* RallyTests */ = {
			isa = PBXNativeTarget;
			buildConfigurationList = 50A16423201C3CBD00F80123 /* Build configuration list for PBXNativeTarget "RallyTests" */;
			buildPhases = (
				50A16408201C3CBD00F80123 /* Sources */,
				50A16409201C3CBD00F80123 /* Frameworks */,
				50A1640A201C3CBD00F80123 /* Resources */,
			);
			buildRules = (
			);
			dependencies = (
				50A1640E201C3CBD00F80123 /* PBXTargetDependency */,
			);
			name = RallyTests;
			productName = RallyTests;
			productReference = 50A1640C201C3CBD00F80123 /* RallyTests.xctest */;
			productType = "com.apple.product-type.bundle.unit-test";
		};
		50A16416201C3CBD00F80123 /* RallyUITests */ = {
			isa = PBXNativeTarget;
			buildConfigurationList = 50A16426201C3CBD00F80123 /* Build configuration list for PBXNativeTarget "RallyUITests" */;
			buildPhases = (
				50A16413201C3CBD00F80123 /* Sources */,
				50A16414201C3CBD00F80123 /* Frameworks */,
				50A16415201C3CBD00F80123 /* Resources */,
			);
			buildRules = (
			);
			dependencies = (
				50A16419201C3CBD00F80123 /* PBXTargetDependency */,
			);
			name = RallyUITests;
			productName = RallyUITests;
			productReference = 50A16417201C3CBD00F80123 /* RallyUITests.xctest */;
			productType = "com.apple.product-type.bundle.ui-testing";
		};
/* End PBXNativeTarget section */

/* Begin PBXProject section */
		50A163F0201C3CBC00F80123 /* Project object */ = {
			isa = PBXProject;
			attributes = {
				LastSwiftUpdateCheck = 0920;
				LastUpgradeCheck = 0920;
				ORGANIZATIONNAME = "Adam Benwood";
				TargetAttributes = {
					50A163F7201C3CBC00F80123 = {
						CreatedOnToolsVersion = 9.2;
						ProvisioningStyle = Automatic;
					};
					50A1640B201C3CBD00F80123 = {
						CreatedOnToolsVersion = 9.2;
						ProvisioningStyle = Automatic;
						TestTargetID = 50A163F7201C3CBC00F80123;
					};
					50A16416201C3CBD00F80123 = {
						CreatedOnToolsVersion = 9.2;
						ProvisioningStyle = Automatic;
						TestTargetID = 50A163F7201C3CBC00F80123;
					};
				};
			};
			buildConfigurationList = 50A163F3201C3CBC00F80123 /* Build configuration list for PBXProject "Rally" */;
			compatibilityVersion = "Xcode 8.0";
			developmentRegion = en;
			hasScannedForEncodings = 0;
			knownRegions = (
				en,
				Base,
			);
			mainGroup = 50A163EF201C3CBC00F80123;
			productRefGroup = 50A163F9201C3CBC00F80123 /* Products */;
			projectDirPath = "";
			projectRoot = "";
			targets = (
				50A163F7201C3CBC00F80123 /* Rally */,
				50A1640B201C3CBD00F80123 /* RallyTests */,
				50A16416201C3CBD00F80123 /* RallyUITests */,
			);
		};
/* End PBXProject section */

/* Begin PBXResourcesBuildPhase section */
		50A163F6201C3CBC00F80123 /* Resources */ = {
			isa = PBXResourcesBuildPhase;
			buildActionMask = 2147483647;
			files = (
				50F6A785204F98B000317BDB /* compass.png in Resources */,
				50F6A7992051C32C00317BDB /* map.png in Resources */,
				50F6A7A52051E2DA00317BDB /* group.png in Resources */,
				50F6A79D2051DF9000317BDB /* chat.png in Resources */,
				50F6A79F2051E16900317BDB /* distance.png in Resources */,
				50F6A7B220520D1B00317BDB /* controls.png in Resources */,
				50CF03B6204A564100FF402C /* Havelock_Titling_Regular.otf in Resources */,
				50A599082056529700EF8EC8 /* circle.png in Resources */,
				50A16406201C3CBC00F80123 /* LaunchScreen.storyboard in Resources */,
				50137BB5201D10A700D0A1F3 /* Podfile in Resources */,
				5013E4CA201D162C002B13B4 /* style.json in Resources */,
				50A599142056729100EF8EC8 /* pemberton-music-festival-evening.jpg in Resources */,
				50A599102056705700EF8EC8 /* concert.png in Resources */,
				50F6A7A12051E1F300317BDB /* calendar.png in Resources */,
				50A16403201C3CBC00F80123 /* Assets.xcassets in Resources */,
				50A599062053933000EF8EC8 /* user.png in Resources */,
				50A56F74202575DF00AED095 /* rallyupicon.png in Resources */,
				50F6A7A32051E24300317BDB /* add-user.png in Resources */,
				50A16401201C3CBC00F80123 /* Main.storyboard in Resources */,
				50A599042053906900EF8EC8 /* RallyIcon.png in Resources */,
				50F6A7952051BB9B00317BDB /* placeholder.png in Resources */,
				50F6A7972051BF1300317BDB /* rallypoint.png in Resources */,
			);
			runOnlyForDeploymentPostprocessing = 0;
		};
		50A1640A201C3CBD00F80123 /* Resources */ = {
			isa = PBXResourcesBuildPhase;
			buildActionMask = 2147483647;
			files = (
				50CF03B7204A564200FF402C /* Havelock_Titling_Regular.otf in Resources */,
			);
			runOnlyForDeploymentPostprocessing = 0;
		};
		50A16415201C3CBD00F80123 /* Resources */ = {
			isa = PBXResourcesBuildPhase;
			buildActionMask = 2147483647;
			files = (
				50CF03B8204A564400FF402C /* Havelock_Titling_Regular.otf in Resources */,
			);
			runOnlyForDeploymentPostprocessing = 0;
		};
/* End PBXResourcesBuildPhase section */

/* Begin PBXShellScriptBuildPhase section */
		459325A68DC19C785A608063 /* [CP] Copy Pods Resources */ = {
			isa = PBXShellScriptBuildPhase;
			buildActionMask = 2147483647;
			files = (
			);
			inputPaths = (
				"${SRCROOT}/Pods/Target Support Files/Pods-Rally/Pods-Rally-resources.sh",
				"${PODS_ROOT}/GoogleMaps/Maps/Frameworks/GoogleMaps.framework/Resources/GoogleMaps.bundle",
			);
			name = "[CP] Copy Pods Resources";
			outputPaths = (
				"${TARGET_BUILD_DIR}/${UNLOCALIZED_RESOURCES_FOLDER_PATH}/GoogleMaps.bundle",
			);
			runOnlyForDeploymentPostprocessing = 0;
			shellPath = /bin/sh;
			shellScript = "\"${SRCROOT}/Pods/Target Support Files/Pods-Rally/Pods-Rally-resources.sh\"\n";
			showEnvVarsInLog = 0;
		};
		6A61C87EF35458664EB13693 /* [CP] Embed Pods Frameworks */ = {
			isa = PBXShellScriptBuildPhase;
			buildActionMask = 2147483647;
			files = (
			);
			inputPaths = (
				"${SRCROOT}/Pods/Target Support Files/Pods-Rally/Pods-Rally-frameworks.sh",
				"${BUILT_PRODUCTS_DIR}/CocoaLumberjack/CocoaLumberjack.framework",
				"${BUILT_PRODUCTS_DIR}/NSLogger/NSLogger.framework",
				"${BUILT_PRODUCTS_DIR}/XCDLumberjackNSLogger/XCDLumberjackNSLogger.framework",
			);
			name = "[CP] Embed Pods Frameworks";
			outputPaths = (
				"${TARGET_BUILD_DIR}/${FRAMEWORKS_FOLDER_PATH}/CocoaLumberjack.framework",
				"${TARGET_BUILD_DIR}/${FRAMEWORKS_FOLDER_PATH}/NSLogger.framework",
				"${TARGET_BUILD_DIR}/${FRAMEWORKS_FOLDER_PATH}/XCDLumberjackNSLogger.framework",
			);
			runOnlyForDeploymentPostprocessing = 0;
			shellPath = /bin/sh;
			shellScript = "\"${SRCROOT}/Pods/Target Support Files/Pods-Rally/Pods-Rally-frameworks.sh\"\n";
			showEnvVarsInLog = 0;
		};
		BD5CC7EF4053CF2E15B6D39E /* [CP] Check Pods Manifest.lock */ = {
			isa = PBXShellScriptBuildPhase;
			buildActionMask = 2147483647;
			files = (
			);
			inputPaths = (
				"${PODS_PODFILE_DIR_PATH}/Podfile.lock",
				"${PODS_ROOT}/Manifest.lock",
			);
			name = "[CP] Check Pods Manifest.lock";
			outputPaths = (
				"$(DERIVED_FILE_DIR)/Pods-Rally-checkManifestLockResult.txt",
			);
			runOnlyForDeploymentPostprocessing = 0;
			shellPath = /bin/sh;
			shellScript = "diff \"${PODS_PODFILE_DIR_PATH}/Podfile.lock\" \"${PODS_ROOT}/Manifest.lock\" > /dev/null\nif [ $? != 0 ] ; then\n    # print error to STDERR\n    echo \"error: The sandbox is not in sync with the Podfile.lock. Run 'pod install' or update your CocoaPods installation.\" >&2\n    exit 1\nfi\n# This output is used by Xcode 'outputs' to avoid re-running this script phase.\necho \"SUCCESS\" > \"${SCRIPT_OUTPUT_FILE_0}\"\n";
			showEnvVarsInLog = 0;
		};
/* End PBXShellScriptBuildPhase section */

/* Begin PBXSourcesBuildPhase section */
		50A163F4201C3CBC00F80123 /* Sources */ = {
			isa = PBXSourcesBuildPhase;
			buildActionMask = 2147483647;
			files = (
				50F6A78D2051089B00317BDB /* BaseViewController.swift in Sources */,
				50A163FE201C3CBC00F80123 /* MainViewController.swift in Sources */,
				50347DEF2058F3DE0095DDB0 /* TestViewController.swift in Sources */,
				50347DDF2058E7E40095DDB0 /* AppModel.swift in Sources */,
				50347DEB2058EFC60095DDB0 /* FormLogger.swift in Sources */,
				50347DE22058E9E90095DDB0 /* Node.swift in Sources */,
				50E835C52052649B00C9067E /* EventViewController.swift in Sources */,
				50F6A7B420520D7E00317BDB /* DirectionViewController.swift in Sources */,
				50347DEC2058EFC60095DDB0 /* UDJackLogger.swift in Sources */,
				50F6A79B2051C7E300317BDB /* RallyPointController.swift in Sources */,
				50A163FC201C3CBC00F80123 /* AppDelegate.swift in Sources */,
				50347DDA2058A91A0095DDB0 /* ProfileViewController.swift in Sources */,
				50347DED2058EFC60095DDB0 /* LogFormatter.swift in Sources */,
				50F6A78C2051089B00317BDB /* MenuViewController.swift in Sources */,
				50347DDD2058E5BF0095DDB0 /* Rally.xcdatamodeld in Sources */,
				50353DD92057A545002EAB9A /* SettingsViewController.swift in Sources */,
			);
			runOnlyForDeploymentPostprocessing = 0;
		};
		50A16408201C3CBD00F80123 /* Sources */ = {
			isa = PBXSourcesBuildPhase;
			buildActionMask = 2147483647;
			files = (
				50A16411201C3CBD00F80123 /* RallyTests.swift in Sources */,
			);
			runOnlyForDeploymentPostprocessing = 0;
		};
		50A16413201C3CBD00F80123 /* Sources */ = {
			isa = PBXSourcesBuildPhase;
			buildActionMask = 2147483647;
			files = (
				50A1641C201C3CBD00F80123 /* RallyUITests.swift in Sources */,
			);
			runOnlyForDeploymentPostprocessing = 0;
		};
/* End PBXSourcesBuildPhase section */

/* Begin PBXTargetDependency section */
		50A1640E201C3CBD00F80123 /* PBXTargetDependency */ = {
			isa = PBXTargetDependency;
			target = 50A163F7201C3CBC00F80123 /* Rally */;
			targetProxy = 50A1640D201C3CBD00F80123 /* PBXContainerItemProxy */;
		};
		50A16419201C3CBD00F80123 /* PBXTargetDependency */ = {
			isa = PBXTargetDependency;
			target = 50A163F7201C3CBC00F80123 /* Rally */;
			targetProxy = 50A16418201C3CBD00F80123 /* PBXContainerItemProxy */;
		};
/* End PBXTargetDependency section */

/* Begin PBXVariantGroup section */
		50A163FF201C3CBC00F80123 /* Main.storyboard */ = {
			isa = PBXVariantGroup;
			children = (
				50A16400201C3CBC00F80123 /* Base */,
			);
			name = Main.storyboard;
			sourceTree = "<group>";
		};
		50A16404201C3CBC00F80123 /* LaunchScreen.storyboard */ = {
			isa = PBXVariantGroup;
			children = (
				50A16405201C3CBC00F80123 /* Base */,
			);
			name = LaunchScreen.storyboard;
			sourceTree = "<group>";
		};
/* End PBXVariantGroup section */

/* Begin XCBuildConfiguration section */
		50A1641E201C3CBD00F80123 /* Debug */ = {
			isa = XCBuildConfiguration;
			buildSettings = {
				ALWAYS_SEARCH_USER_PATHS = NO;
				CLANG_ANALYZER_NONNULL = YES;
				CLANG_ANALYZER_NUMBER_OBJECT_CONVERSION = YES_AGGRESSIVE;
				CLANG_CXX_LANGUAGE_STANDARD = "gnu++14";
				CLANG_CXX_LIBRARY = "libc++";
				CLANG_ENABLE_MODULES = YES;
				CLANG_ENABLE_OBJC_ARC = YES;
				CLANG_WARN_BLOCK_CAPTURE_AUTORELEASING = YES;
				CLANG_WARN_BOOL_CONVERSION = YES;
				CLANG_WARN_COMMA = YES;
				CLANG_WARN_CONSTANT_CONVERSION = YES;
				CLANG_WARN_DIRECT_OBJC_ISA_USAGE = YES_ERROR;
				CLANG_WARN_DOCUMENTATION_COMMENTS = YES;
				CLANG_WARN_EMPTY_BODY = YES;
				CLANG_WARN_ENUM_CONVERSION = YES;
				CLANG_WARN_INFINITE_RECURSION = YES;
				CLANG_WARN_INT_CONVERSION = YES;
				CLANG_WARN_NON_LITERAL_NULL_CONVERSION = YES;
				CLANG_WARN_OBJC_LITERAL_CONVERSION = YES;
				CLANG_WARN_OBJC_ROOT_CLASS = YES_ERROR;
				CLANG_WARN_RANGE_LOOP_ANALYSIS = YES;
				CLANG_WARN_STRICT_PROTOTYPES = YES;
				CLANG_WARN_SUSPICIOUS_MOVE = YES;
				CLANG_WARN_UNGUARDED_AVAILABILITY = YES_AGGRESSIVE;
				CLANG_WARN_UNREACHABLE_CODE = YES;
				CLANG_WARN__DUPLICATE_METHOD_MATCH = YES;
				CODE_SIGN_IDENTITY = "iPhone Developer";
				COPY_PHASE_STRIP = NO;
				DEBUG_INFORMATION_FORMAT = dwarf;
				ENABLE_STRICT_OBJC_MSGSEND = YES;
				ENABLE_TESTABILITY = YES;
				GCC_C_LANGUAGE_STANDARD = gnu11;
				GCC_DYNAMIC_NO_PIC = NO;
				GCC_NO_COMMON_BLOCKS = YES;
				GCC_OPTIMIZATION_LEVEL = 0;
				GCC_PREPROCESSOR_DEFINITIONS = (
					"DEBUG=1",
					"$(inherited)",
				);
				GCC_WARN_64_TO_32_BIT_CONVERSION = YES;
				GCC_WARN_ABOUT_RETURN_TYPE = YES_ERROR;
				GCC_WARN_UNDECLARED_SELECTOR = YES;
				GCC_WARN_UNINITIALIZED_AUTOS = YES_AGGRESSIVE;
				GCC_WARN_UNUSED_FUNCTION = YES;
				GCC_WARN_UNUSED_VARIABLE = YES;
				IPHONEOS_DEPLOYMENT_TARGET = 11.2;
				MTL_ENABLE_DEBUG_INFO = YES;
				ONLY_ACTIVE_ARCH = YES;
				SDKROOT = iphoneos;
				SWIFT_ACTIVE_COMPILATION_CONDITIONS = DEBUG;
				SWIFT_OPTIMIZATION_LEVEL = "-Onone";
			};
			name = Debug;
		};
		50A1641F201C3CBD00F80123 /* Release */ = {
			isa = XCBuildConfiguration;
			buildSettings = {
				ALWAYS_SEARCH_USER_PATHS = NO;
				CLANG_ANALYZER_NONNULL = YES;
				CLANG_ANALYZER_NUMBER_OBJECT_CONVERSION = YES_AGGRESSIVE;
				CLANG_CXX_LANGUAGE_STANDARD = "gnu++14";
				CLANG_CXX_LIBRARY = "libc++";
				CLANG_ENABLE_MODULES = YES;
				CLANG_ENABLE_OBJC_ARC = YES;
				CLANG_WARN_BLOCK_CAPTURE_AUTORELEASING = YES;
				CLANG_WARN_BOOL_CONVERSION = YES;
				CLANG_WARN_COMMA = YES;
				CLANG_WARN_CONSTANT_CONVERSION = YES;
				CLANG_WARN_DIRECT_OBJC_ISA_USAGE = YES_ERROR;
				CLANG_WARN_DOCUMENTATION_COMMENTS = YES;
				CLANG_WARN_EMPTY_BODY = YES;
				CLANG_WARN_ENUM_CONVERSION = YES;
				CLANG_WARN_INFINITE_RECURSION = YES;
				CLANG_WARN_INT_CONVERSION = YES;
				CLANG_WARN_NON_LITERAL_NULL_CONVERSION = YES;
				CLANG_WARN_OBJC_LITERAL_CONVERSION = YES;
				CLANG_WARN_OBJC_ROOT_CLASS = YES_ERROR;
				CLANG_WARN_RANGE_LOOP_ANALYSIS = YES;
				CLANG_WARN_STRICT_PROTOTYPES = YES;
				CLANG_WARN_SUSPICIOUS_MOVE = YES;
				CLANG_WARN_UNGUARDED_AVAILABILITY = YES_AGGRESSIVE;
				CLANG_WARN_UNREACHABLE_CODE = YES;
				CLANG_WARN__DUPLICATE_METHOD_MATCH = YES;
				CODE_SIGN_IDENTITY = "iPhone Developer";
				COPY_PHASE_STRIP = NO;
				DEBUG_INFORMATION_FORMAT = "dwarf-with-dsym";
				ENABLE_NS_ASSERTIONS = NO;
				ENABLE_STRICT_OBJC_MSGSEND = YES;
				GCC_C_LANGUAGE_STANDARD = gnu11;
				GCC_NO_COMMON_BLOCKS = YES;
				GCC_WARN_64_TO_32_BIT_CONVERSION = YES;
				GCC_WARN_ABOUT_RETURN_TYPE = YES_ERROR;
				GCC_WARN_UNDECLARED_SELECTOR = YES;
				GCC_WARN_UNINITIALIZED_AUTOS = YES_AGGRESSIVE;
				GCC_WARN_UNUSED_FUNCTION = YES;
				GCC_WARN_UNUSED_VARIABLE = YES;
				IPHONEOS_DEPLOYMENT_TARGET = 11.2;
				MTL_ENABLE_DEBUG_INFO = NO;
				SDKROOT = iphoneos;
				SWIFT_OPTIMIZATION_LEVEL = "-Owholemodule";
				VALIDATE_PRODUCT = YES;
			};
			name = Release;
		};
		50A16421201C3CBD00F80123 /* Debug */ = {
			isa = XCBuildConfiguration;
			baseConfigurationReference = 27A9F4EE82BDC4A5F61F4FE7 /* Pods-Rally.debug.xcconfig */;
			buildSettings = {
				ASSETCATALOG_COMPILER_APPICON_NAME = AppIcon;
				CODE_SIGN_STYLE = Automatic;
				FRAMEWORK_SEARCH_PATHS = (
					"$(inherited)",
					"$(PROJECT_DIR)/Underdark",
				);
				INFOPLIST_FILE = Rally/Info.plist;
				LD_RUNPATH_SEARCH_PATHS = "$(inherited) @executable_path/Frameworks";
				PRODUCT_BUNDLE_IDENTIFIER = ca.Rally;
				PRODUCT_NAME = "$(TARGET_NAME)";
				SWIFT_VERSION = 4.0;
				TARGETED_DEVICE_FAMILY = "1,2";
			};
			name = Debug;
		};
		50A16422201C3CBD00F80123 /* Release */ = {
			isa = XCBuildConfiguration;
			baseConfigurationReference = B9013EBEF8E9842E485A539B /* Pods-Rally.release.xcconfig */;
			buildSettings = {
				ASSETCATALOG_COMPILER_APPICON_NAME = AppIcon;
				CODE_SIGN_STYLE = Automatic;
				FRAMEWORK_SEARCH_PATHS = (
					"$(inherited)",
					"$(PROJECT_DIR)/Underdark",
				);
				INFOPLIST_FILE = Rally/Info.plist;
				LD_RUNPATH_SEARCH_PATHS = "$(inherited) @executable_path/Frameworks";
				PRODUCT_BUNDLE_IDENTIFIER = ca.Rally;
				PRODUCT_NAME = "$(TARGET_NAME)";
				SWIFT_VERSION = 4.0;
				TARGETED_DEVICE_FAMILY = "1,2";
			};
			name = Release;
		};
		50A16424201C3CBD00F80123 /* Debug */ = {
			isa = XCBuildConfiguration;
			buildSettings = {
				ALWAYS_EMBED_SWIFT_STANDARD_LIBRARIES = YES;
				BUNDLE_LOADER = "$(TEST_HOST)";
				CODE_SIGN_STYLE = Automatic;
				INFOPLIST_FILE = RallyTests/Info.plist;
				LD_RUNPATH_SEARCH_PATHS = "$(inherited) @executable_path/Frameworks @loader_path/Frameworks";
				PRODUCT_BUNDLE_IDENTIFIER = ca.RallyTests;
				PRODUCT_NAME = "$(TARGET_NAME)";
				SWIFT_VERSION = 4.0;
				TARGETED_DEVICE_FAMILY = "1,2";
				TEST_HOST = "$(BUILT_PRODUCTS_DIR)/Rally.app/Rally";
			};
			name = Debug;
		};
		50A16425201C3CBD00F80123 /* Release */ = {
			isa = XCBuildConfiguration;
			buildSettings = {
				ALWAYS_EMBED_SWIFT_STANDARD_LIBRARIES = YES;
				BUNDLE_LOADER = "$(TEST_HOST)";
				CODE_SIGN_STYLE = Automatic;
				INFOPLIST_FILE = RallyTests/Info.plist;
				LD_RUNPATH_SEARCH_PATHS = "$(inherited) @executable_path/Frameworks @loader_path/Frameworks";
				PRODUCT_BUNDLE_IDENTIFIER = ca.RallyTests;
				PRODUCT_NAME = "$(TARGET_NAME)";
				SWIFT_VERSION = 4.0;
				TARGETED_DEVICE_FAMILY = "1,2";
				TEST_HOST = "$(BUILT_PRODUCTS_DIR)/Rally.app/Rally";
			};
			name = Release;
		};
		50A16427201C3CBD00F80123 /* Debug */ = {
			isa = XCBuildConfiguration;
			buildSettings = {
				ALWAYS_EMBED_SWIFT_STANDARD_LIBRARIES = YES;
				CODE_SIGN_STYLE = Automatic;
				INFOPLIST_FILE = RallyUITests/Info.plist;
				LD_RUNPATH_SEARCH_PATHS = "$(inherited) @executable_path/Frameworks @loader_path/Frameworks";
				PRODUCT_BUNDLE_IDENTIFIER = ca.RallyUITests;
				PRODUCT_NAME = "$(TARGET_NAME)";
				SWIFT_VERSION = 4.0;
				TARGETED_DEVICE_FAMILY = "1,2";
				TEST_TARGET_NAME = Rally;
			};
			name = Debug;
		};
		50A16428201C3CBD00F80123 /* Release */ = {
			isa = XCBuildConfiguration;
			buildSettings = {
				ALWAYS_EMBED_SWIFT_STANDARD_LIBRARIES = YES;
				CODE_SIGN_STYLE = Automatic;
				INFOPLIST_FILE = RallyUITests/Info.plist;
				LD_RUNPATH_SEARCH_PATHS = "$(inherited) @executable_path/Frameworks @loader_path/Frameworks";
				PRODUCT_BUNDLE_IDENTIFIER = ca.RallyUITests;
				PRODUCT_NAME = "$(TARGET_NAME)";
				SWIFT_VERSION = 4.0;
				TARGETED_DEVICE_FAMILY = "1,2";
				TEST_TARGET_NAME = Rally;
			};
			name = Release;
		};
/* End XCBuildConfiguration section */

/* Begin XCConfigurationList section */
		50A163F3201C3CBC00F80123 /* Build configuration list for PBXProject "Rally" */ = {
			isa = XCConfigurationList;
			buildConfigurations = (
				50A1641E201C3CBD00F80123 /* Debug */,
				50A1641F201C3CBD00F80123 /* Release */,
			);
			defaultConfigurationIsVisible = 0;
			defaultConfigurationName = Release;
		};
		50A16420201C3CBD00F80123 /* Build configuration list for PBXNativeTarget "Rally" */ = {
			isa = XCConfigurationList;
			buildConfigurations = (
				50A16421201C3CBD00F80123 /* Debug */,
				50A16422201C3CBD00F80123 /* Release */,
			);
			defaultConfigurationIsVisible = 0;
			defaultConfigurationName = Release;
		};
		50A16423201C3CBD00F80123 /* Build configuration list for PBXNativeTarget "RallyTests" */ = {
			isa = XCConfigurationList;
			buildConfigurations = (
				50A16424201C3CBD00F80123 /* Debug */,
				50A16425201C3CBD00F80123 /* Release */,
			);
			defaultConfigurationIsVisible = 0;
			defaultConfigurationName = Release;
		};
		50A16426201C3CBD00F80123 /* Build configuration list for PBXNativeTarget "RallyUITests" */ = {
			isa = XCConfigurationList;
			buildConfigurations = (
				50A16427201C3CBD00F80123 /* Debug */,
				50A16428201C3CBD00F80123 /* Release */,
			);
			defaultConfigurationIsVisible = 0;
			defaultConfigurationName = Release;
		};
/* End XCConfigurationList section */

/* Begin XCVersionGroup section */
		50347DDB2058E5BF0095DDB0 /* Rally.xcdatamodeld */ = {
			isa = XCVersionGroup;
			children = (
				50347DDC2058E5BF0095DDB0 /* Rally.xcdatamodel */,
			);
			currentVersion = 50347DDC2058E5BF0095DDB0 /* Rally.xcdatamodel */;
			path = Rally.xcdatamodeld;
			sourceTree = "<group>";
			versionGroupType = wrapper.xcdatamodel;
		};
/* End XCVersionGroup section */
	};
	rootObject = 50A163F0201C3CBC00F80123 /* Project object */;
}
